# This file is automatically @generated by Cargo.
# It is not intended for manual editing.
version = 4

[[package]]
name = "venice"
version = "0.1.0"
dependencies = [
 "vex-sdk",
]

[[package]]
name = "vex-sdk"
version = "0.26.0"
source = "registry+https://github.com/rust-lang/crates.io-index"
checksum = "be1b586dd8546706564cf20c94bae51c8f9e4891d70360d3fb63d563350df3d1"
